// !$*UTF8*$!
{
	archiveVersion = 1;
	classes = {
	};
	objectVersion = 50;
	objects = {

/* Begin PBXBuildFile section */
		B6054B6121FECD65006BB590 /* AppDelegate.swift in Sources */ = {isa = PBXBuildFile; fileRef = B6054B6021FECD65006BB590 /* AppDelegate.swift */; };
		B6054B6321FECD65006BB590 /* ViewController.swift in Sources */ = {isa = PBXBuildFile; fileRef = B6054B6221FECD65006BB590 /* ViewController.swift */; };
		B6054B6621FECD65006BB590 /* Main.storyboard in Resources */ = {isa = PBXBuildFile; fileRef = B6054B6421FECD65006BB590 /* Main.storyboard */; };
		B6054B6821FECD66006BB590 /* Assets.xcassets in Resources */ = {isa = PBXBuildFile; fileRef = B6054B6721FECD66006BB590 /* Assets.xcassets */; };
		B6054B6B21FECD66006BB590 /* LaunchScreen.storyboard in Resources */ = {isa = PBXBuildFile; fileRef = B6054B6921FECD66006BB590 /* LaunchScreen.storyboard */; };
		B6054B7621FECD66006BB590 /* FriendFaceTests.swift in Sources */ = {isa = PBXBuildFile; fileRef = B6054B7521FECD66006BB590 /* FriendFaceTests.swift */; };
		B6054B8121FED015006BB590 /* Friend.swift in Sources */ = {isa = PBXBuildFile; fileRef = B6054B8021FED015006BB590 /* Friend.swift */; };
		B6054B8321FED273006BB590 /* Connection.swift in Sources */ = {isa = PBXBuildFile; fileRef = B6054B8221FED273006BB590 /* Connection.swift */; };
		B6054B8521FEDC1C006BB590 /* JSONDecoder-Remote.swift in Sources */ = {isa = PBXBuildFile; fileRef = B6054B8421FEDC1C006BB590 /* JSONDecoder-Remote.swift */; };
		B653EDC821FF5AE300F3ECAE /* FriendDataSource.swift in Sources */ = {isa = PBXBuildFile; fileRef = B653EDC721FF5AE300F3ECAE /* FriendDataSource.swift */; };
/* End PBXBuildFile section */

/* Begin PBXContainerItemProxy section */
		B6054B7221FECD66006BB590 /* PBXContainerItemProxy */ = {
			isa = PBXContainerItemProxy;
			containerPortal = B6054B5521FECD65006BB590 /* Project object */;
			proxyType = 1;
			remoteGlobalIDString = B6054B5C21FECD65006BB590;
			remoteInfo = FriendFace;
		};
/* End PBXContainerItemProxy section */

/* Begin PBXFileReference section */
		B6054B5D21FECD65006BB590 /* FriendFace.app */ = {isa = PBXFileReference; explicitFileType = wrapper.application; includeInIndex = 0; path = FriendFace.app; sourceTree = BUILT_PRODUCTS_DIR; };
		B6054B6021FECD65006BB590 /* AppDelegate.swift */ = {isa = PBXFileReference; lastKnownFileType = sourcecode.swift; path = AppDelegate.swift; sourceTree = "<group>"; };
		B6054B6221FECD65006BB590 /* ViewController.swift */ = {isa = PBXFileReference; lastKnownFileType = sourcecode.swift; path = ViewController.swift; sourceTree = "<group>"; };
		B6054B6521FECD65006BB590 /* Base */ = {isa = PBXFileReference; lastKnownFileType = file.storyboard; name = Base; path = Base.lproj/Main.storyboard; sourceTree = "<group>"; };
		B6054B6721FECD66006BB590 /* Assets.xcassets */ = {isa = PBXFileReference; lastKnownFileType = folder.assetcatalog; path = Assets.xcassets; sourceTree = "<group>"; };
		B6054B6A21FECD66006BB590 /* Base */ = {isa = PBXFileReference; lastKnownFileType = file.storyboard; name = Base; path = Base.lproj/LaunchScreen.storyboard; sourceTree = "<group>"; };
		B6054B6C21FECD66006BB590 /* Info.plist */ = {isa = PBXFileReference; lastKnownFileType = text.plist.xml; path = Info.plist; sourceTree = "<group>"; };
		B6054B7121FECD66006BB590 /* FriendFaceTests.xctest */ = {isa = PBXFileReference; explicitFileType = wrapper.cfbundle; includeInIndex = 0; path = FriendFaceTests.xctest; sourceTree = BUILT_PRODUCTS_DIR; };
		B6054B7521FECD66006BB590 /* FriendFaceTests.swift */ = {isa = PBXFileReference; lastKnownFileType = sourcecode.swift; path = FriendFaceTests.swift; sourceTree = "<group>"; };
		B6054B7721FECD66006BB590 /* Info.plist */ = {isa = PBXFileReference; lastKnownFileType = text.plist.xml; path = Info.plist; sourceTree = "<group>"; };
		B6054B8021FED015006BB590 /* Friend.swift */ = {isa = PBXFileReference; lastKnownFileType = sourcecode.swift; path = Friend.swift; sourceTree = "<group>"; };
		B6054B8221FED273006BB590 /* Connection.swift */ = {isa = PBXFileReference; lastKnownFileType = sourcecode.swift; path = Connection.swift; sourceTree = "<group>"; };
		B6054B8421FEDC1C006BB590 /* JSONDecoder-Remote.swift */ = {isa = PBXFileReference; lastKnownFileType = sourcecode.swift; path = "JSONDecoder-Remote.swift"; sourceTree = "<group>"; };
		B653EDC721FF5AE300F3ECAE /* FriendDataSource.swift */ = {isa = PBXFileReference; lastKnownFileType = sourcecode.swift; path = FriendDataSource.swift; sourceTree = "<group>"; };
/* End PBXFileReference section */

/* Begin PBXFrameworksBuildPhase section */
		B6054B5A21FECD65006BB590 /* Frameworks */ = {
			isa = PBXFrameworksBuildPhase;
			buildActionMask = 2147483647;
			files = (
			);
			runOnlyForDeploymentPostprocessing = 0;
		};
		B6054B6E21FECD66006BB590 /* Frameworks */ = {
			isa = PBXFrameworksBuildPhase;
			buildActionMask = 2147483647;
			files = (
			);
			runOnlyForDeploymentPostprocessing = 0;
		};
/* End PBXFrameworksBuildPhase section */

/* Begin PBXGroup section */
		B6054B5421FECD65006BB590 = {
			isa = PBXGroup;
			children = (
				B6054B5F21FECD65006BB590 /* FriendFace */,
				B6054B7421FECD66006BB590 /* FriendFaceTests */,
				B6054B5E21FECD65006BB590 /* Products */,
			);
			sourceTree = "<group>";
		};
		B6054B5E21FECD65006BB590 /* Products */ = {
			isa = PBXGroup;
			children = (
				B6054B5D21FECD65006BB590 /* FriendFace.app */,
				B6054B7121FECD66006BB590 /* FriendFaceTests.xctest */,
			);
			name = Products;
			sourceTree = "<group>";
		};
		B6054B5F21FECD65006BB590 /* FriendFace */ = {
			isa = PBXGroup;
			children = (
				B6054B6021FECD65006BB590 /* AppDelegate.swift */,
				B6054B6221FECD65006BB590 /* ViewController.swift */,
				B6054B6421FECD65006BB590 /* Main.storyboard */,
				B6054B6721FECD66006BB590 /* Assets.xcassets */,
				B6054B6921FECD66006BB590 /* LaunchScreen.storyboard */,
				B6054B6C21FECD66006BB590 /* Info.plist */,
				B6054B8021FED015006BB590 /* Friend.swift */,
				B6054B8421FEDC1C006BB590 /* JSONDecoder-Remote.swift */,
				B653EDC721FF5AE300F3ECAE /* FriendDataSource.swift */,
				B6054B8221FED273006BB590 /* Connection.swift */,
			);
			path = FriendFace;
			sourceTree = "<group>";
		};
		B6054B7421FECD66006BB590 /* FriendFaceTests */ = {
			isa = PBXGroup;
			children = (
				B6054B7521FECD66006BB590 /* FriendFaceTests.swift */,
				B6054B7721FECD66006BB590 /* Info.plist */,
			);
			path = FriendFaceTests;
			sourceTree = "<group>";
		};
/* End PBXGroup section */

/* Begin PBXNativeTarget section */
		B6054B5C21FECD65006BB590 /* FriendFace */ = {
			isa = PBXNativeTarget;
			buildConfigurationList = B6054B7A21FECD66006BB590 /* Build configuration list for PBXNativeTarget "FriendFace" */;
			buildPhases = (
				B6054B5921FECD65006BB590 /* Sources */,
				B6054B5A21FECD65006BB590 /* Frameworks */,
				B6054B5B21FECD65006BB590 /* Resources */,
			);
			buildRules = (
			);
			dependencies = (
			);
			name = FriendFace;
			productName = FriendFace;
			productReference = B6054B5D21FECD65006BB590 /* FriendFace.app */;
			productType = "com.apple.product-type.application";
		};
		B6054B7021FECD66006BB590 /* FriendFaceTests */ = {
			isa = PBXNativeTarget;
			buildConfigurationList = B6054B7D21FECD66006BB590 /* Build configuration list for PBXNativeTarget "FriendFaceTests" */;
			buildPhases = (
				B6054B6D21FECD66006BB590 /* Sources */,
				B6054B6E21FECD66006BB590 /* Frameworks */,
				B6054B6F21FECD66006BB590 /* Resources */,
			);
			buildRules = (
			);
			dependencies = (
				B6054B7321FECD66006BB590 /* PBXTargetDependency */,
			);
			name = FriendFaceTests;
			productName = FriendFaceTests;
			productReference = B6054B7121FECD66006BB590 /* FriendFaceTests.xctest */;
			productType = "com.apple.product-type.bundle.unit-test";
		};
/* End PBXNativeTarget section */

/* Begin PBXProject section */
		B6054B5521FECD65006BB590 /* Project object */ = {
			isa = PBXProject;
			attributes = {
				LastSwiftUpdateCheck = 1010;
				LastUpgradeCheck = 1010;
				ORGANIZATIONNAME = DocDevs;
				TargetAttributes = {
					B6054B5C21FECD65006BB590 = {
						CreatedOnToolsVersion = 10.1;
					};
					B6054B7021FECD66006BB590 = {
						CreatedOnToolsVersion = 10.1;
						TestTargetID = B6054B5C21FECD65006BB590;
					};
				};
			};
			buildConfigurationList = B6054B5821FECD65006BB590 /* Build configuration list for PBXProject "FriendFace" */;
			compatibilityVersion = "Xcode 9.3";
			developmentRegion = en;
			hasScannedForEncodings = 0;
			knownRegions = (
				en,
				Base,
			);
			mainGroup = B6054B5421FECD65006BB590;
			productRefGroup = B6054B5E21FECD65006BB590 /* Products */;
			projectDirPath = "";
			projectRoot = "";
			targets = (
				B6054B5C21FECD65006BB590 /* FriendFace */,
				B6054B7021FECD66006BB590 /* FriendFaceTests */,
			);
		};
/* End PBXProject section */

/* Begin PBXResourcesBuildPhase section */
		B6054B5B21FECD65006BB590 /* Resources */ = {
			isa = PBXResourcesBuildPhase;
			buildActionMask = 2147483647;
			files = (
				B6054B6B21FECD66006BB590 /* LaunchScreen.storyboard in Resources */,
				B6054B6821FECD66006BB590 /* Assets.xcassets in Resources */,
				B6054B6621FECD65006BB590 /* Main.storyboard in Resources */,
			);
			runOnlyForDeploymentPostprocessing = 0;
		};
		B6054B6F21FECD66006BB590 /* Resources */ = {
			isa = PBXResourcesBuildPhase;
			buildActionMask = 2147483647;
			files = (
			);
			runOnlyForDeploymentPostprocessing = 0;
		};
/* End PBXResourcesBuildPhase section */

/* Begin PBXSourcesBuildPhase section */
		B6054B5921FECD65006BB590 /* Sources */ = {
			isa = PBXSourcesBuildPhase;
			buildActionMask = 2147483647;
			files = (
				B653EDC821FF5AE300F3ECAE /* FriendDataSource.swift in Sources */,
				B6054B8521FEDC1C006BB590 /* JSONDecoder-Remote.swift in Sources */,
				B6054B8121FED015006BB590 /* Friend.swift in Sources */,
				B6054B6321FECD65006BB590 /* ViewController.swift in Sources */,
				B6054B6121FECD65006BB590 /* AppDelegate.swift in Sources */,
				B6054B8321FED273006BB590 /* Connection.swift in Sources */,
			);
			runOnlyForDeploymentPostprocessing = 0;
		};
		B6054B6D21FECD66006BB590 /* Sources */ = {
			isa = PBXSourcesBuildPhase;
			buildActionMask = 2147483647;
			files = (
				B6054B7621FECD66006BB590 /* FriendFaceTests.swift in Sources */,
			);
			runOnlyForDeploymentPostprocessing = 0;
		};
/* End PBXSourcesBuildPhase section */

/* Begin PBXTargetDependency section */
		B6054B7321FECD66006BB590 /* PBXTargetDependency */ = {
			isa = PBXTargetDependency;
			target = B6054B5C21FECD65006BB590 /* FriendFace */;
			targetProxy = B6054B7221FECD66006BB590 /* PBXContainerItemProxy */;
		};
/* End PBXTargetDependency section */

/* Begin PBXVariantGroup section */
		B6054B6421FECD65006BB590 /* Main.storyboard */ = {
			isa = PBXVariantGroup;
			children = (
				B6054B6521FECD65006BB590 /* Base */,
			);
			name = Main.storyboard;
			sourceTree = "<group>";
		};
		B6054B6921FECD66006BB590 /* LaunchScreen.storyboard */ = {
			isa = PBXVariantGroup;
			children = (
				B6054B6A21FECD66006BB590 /* Base */,
			);
			name = LaunchScreen.storyboard;
			sourceTree = "<group>";
		};
/* End PBXVariantGroup section */

/* Begin XCBuildConfiguration section */
		B6054B7821FECD66006BB590 /* Debug */ = {
			isa = XCBuildConfiguration;
			buildSettings = {
				ALWAYS_SEARCH_USER_PATHS = NO;
				CLANG_ANALYZER_NONNULL = YES;
				CLANG_ANALYZER_NUMBER_OBJECT_CONVERSION = YES_AGGRESSIVE;
				CLANG_CXX_LANGUAGE_STANDARD = "gnu++14";
				CLANG_CXX_LIBRARY = "libc++";
				CLANG_ENABLE_MODULES = YES;
				CLANG_ENABLE_OBJC_ARC = YES;
				CLANG_ENABLE_OBJC_WEAK = YES;
				CLANG_WARN_BLOCK_CAPTURE_AUTORELEASING = YES;
				CLANG_WARN_BOOL_CONVERSION = YES;
				CLANG_WARN_COMMA = YES;
				CLANG_WARN_CONSTANT_CONVERSION = YES;
				CLANG_WARN_DEPRECATED_OBJC_IMPLEMENTATIONS = YES;
				CLANG_WARN_DIRECT_OBJC_ISA_USAGE = YES_ERROR;
				CLANG_WARN_DOCUMENTATION_COMMENTS = YES;
				CLANG_WARN_EMPTY_BODY = YES;
				CLANG_WARN_ENUM_CONVERSION = YES;
				CLANG_WARN_INFINITE_RECURSION = YES;
				CLANG_WARN_INT_CONVERSION = YES;
				CLANG_WARN_NON_LITERAL_NULL_CONVERSION = YES;
				CLANG_WARN_OBJC_IMPLICIT_RETAIN_SELF = YES;
				CLANG_WARN_OBJC_LITERAL_CONVERSION = YES;
				CLANG_WARN_OBJC_ROOT_CLASS = YES_ERROR;
				CLANG_WARN_RANGE_LOOP_ANALYSIS = YES;
				CLANG_WARN_STRICT_PROTOTYPES = YES;
				CLANG_WARN_SUSPICIOUS_MOVE = YES;
				CLANG_WARN_UNGUARDED_AVAILABILITY = YES_AGGRESSIVE;
				CLANG_WARN_UNREACHABLE_CODE = YES;
				CLANG_WARN__DUPLICATE_METHOD_MATCH = YES;
				CODE_SIGN_IDENTITY = "iPhone Developer";
				COPY_PHASE_STRIP = NO;
				DEBUG_INFORMATION_FORMAT = dwarf;
				ENABLE_STRICT_OBJC_MSGSEND = YES;
				ENABLE_TESTABILITY = YES;
				GCC_C_LANGUAGE_STANDARD = gnu11;
				GCC_DYNAMIC_NO_PIC = NO;
				GCC_NO_COMMON_BLOCKS = YES;
				GCC_OPTIMIZATION_LEVEL = 0;
				GCC_PREPROCESSOR_DEFINITIONS = (
					"DEBUG=1",
					"$(inherited)",
				);
				GCC_WARN_64_TO_32_BIT_CONVERSION = YES;
				GCC_WARN_ABOUT_RETURN_TYPE = YES_ERROR;
				GCC_WARN_UNDECLARED_SELECTOR = YES;
				GCC_WARN_UNINITIALIZED_AUTOS = YES_AGGRESSIVE;
				GCC_WARN_UNUSED_FUNCTION = YES;
				GCC_WARN_UNUSED_VARIABLE = YES;
				IPHONEOS_DEPLOYMENT_TARGET = 12.1;
				MTL_ENABLE_DEBUG_INFO = INCLUDE_SOURCE;
				MTL_FAST_MATH = YES;
				ONLY_ACTIVE_ARCH = YES;
				SDKROOT = iphoneos;
				SWIFT_ACTIVE_COMPILATION_CONDITIONS = DEBUG;
				SWIFT_OPTIMIZATION_LEVEL = "-Onone";
			};
			name = Debug;
		};
		B6054B7921FECD66006BB590 /* Release */ = {
			isa = XCBuildConfiguration;
			buildSettings = {
				ALWAYS_SEARCH_USER_PATHS = NO;
				CLANG_ANALYZER_NONNULL = YES;
				CLANG_ANALYZER_NUMBER_OBJECT_CONVERSION = YES_AGGRESSIVE;
				CLANG_CXX_LANGUAGE_STANDARD = "gnu++14";
				CLANG_CXX_LIBRARY = "libc++";
				CLANG_ENABLE_MODULES = YES;
				CLANG_ENABLE_OBJC_ARC = YES;
				CLANG_ENABLE_OBJC_WEAK = YES;
				CLANG_WARN_BLOCK_CAPTURE_AUTORELEASING = YES;
				CLANG_WARN_BOOL_CONVERSION = YES;
				CLANG_WARN_COMMA = YES;
				CLANG_WARN_CONSTANT_CONVERSION = YES;
				CLANG_WARN_DEPRECATED_OBJC_IMPLEMENTATIONS = YES;
				CLANG_WARN_DIRECT_OBJC_ISA_USAGE = YES_ERROR;
				CLANG_WARN_DOCUMENTATION_COMMENTS = YES;
				CLANG_WARN_EMPTY_BODY = YES;
				CLANG_WARN_ENUM_CONVERSION = YES;
				CLANG_WARN_INFINITE_RECURSION = YES;
				CLANG_WARN_INT_CONVERSION = YES;
				CLANG_WARN_NON_LITERAL_NULL_CONVERSION = YES;
				CLANG_WARN_OBJC_IMPLICIT_RETAIN_SELF = YES;
				CLANG_WARN_OBJC_LITERAL_CONVERSION = YES;
				CLANG_WARN_OBJC_ROOT_CLASS = YES_ERROR;
				CLANG_WARN_RANGE_LOOP_ANALYSIS = YES;
				CLANG_WARN_STRICT_PROTOTYPES = YES;
				CLANG_WARN_SUSPICIOUS_MOVE = YES;
				CLANG_WARN_UNGUARDED_AVAILABILITY = YES_AGGRESSIVE;
				CLANG_WARN_UNREACHABLE_CODE = YES;
				CLANG_WARN__DUPLICATE_METHOD_MATCH = YES;
				CODE_SIGN_IDENTITY = "iPhone Developer";
				COPY_PHASE_STRIP = NO;
				DEBUG_INFORMATION_FORMAT = "dwarf-with-dsym";
				ENABLE_NS_ASSERTIONS = NO;
				ENABLE_STRICT_OBJC_MSGSEND = YES;
				GCC_C_LANGUAGE_STANDARD = gnu11;
				GCC_NO_COMMON_BLOCKS = YES;
				GCC_WARN_64_TO_32_BIT_CONVERSION = YES;
				GCC_WARN_ABOUT_RETURN_TYPE = YES_ERROR;
				GCC_WARN_UNDECLARED_SELECTOR = YES;
				GCC_WARN_UNINITIALIZED_AUTOS = YES_AGGRESSIVE;
				GCC_WARN_UNUSED_FUNCTION = YES;
				GCC_WARN_UNUSED_VARIABLE = YES;
				IPHONEOS_DEPLOYMENT_TARGET = 12.1;
				MTL_ENABLE_DEBUG_INFO = NO;
				MTL_FAST_MATH = YES;
				SDKROOT = iphoneos;
				SWIFT_COMPILATION_MODE = wholemodule;
				SWIFT_OPTIMIZATION_LEVEL = "-O";
				VALIDATE_PRODUCT = YES;
			};
			name = Release;
		};
		B6054B7B21FECD66006BB590 /* Debug */ = {
			isa = XCBuildConfiguration;
			buildSettings = {
				ASSETCATALOG_COMPILER_APPICON_NAME = AppIcon;
				CODE_SIGN_STYLE = Automatic;
				DEVELOPMENT_TEAM = UHJSHJ73VS;
				INFOPLIST_FILE = FriendFace/Info.plist;
				LD_RUNPATH_SEARCH_PATHS = (
					"$(inherited)",
					"@executable_path/Frameworks",
				);
				PRODUCT_BUNDLE_IDENTIFIER = com.ayon.FriendFace;
				PRODUCT_NAME = "$(TARGET_NAME)";
				SWIFT_VERSION = 4.2;
				TARGETED_DEVICE_FAMILY = "1,2";
			};
			name = Debug;
		};
		B6054B7C21FECD66006BB590 /* Release */ = {
			isa = XCBuildConfiguration;
			buildSettings = {
				ASSETCATALOG_COMPILER_APPICON_NAME = AppIcon;
				CODE_SIGN_STYLE = Automatic;
				DEVELOPMENT_TEAM = UHJSHJ73VS;
				INFOPLIST_FILE = FriendFace/Info.plist;
				LD_RUNPATH_SEARCH_PATHS = (
					"$(inherited)",
					"@executable_path/Frameworks",
				);
				PRODUCT_BUNDLE_IDENTIFIER = com.ayon.FriendFace;
				PRODUCT_NAME = "$(TARGET_NAME)";
				SWIFT_VERSION = 4.2;
				TARGETED_DEVICE_FAMILY = "1,2";
			};
			name = Release;
		};
		B6054B7E21FECD66006BB590 /* Debug */ = {
			isa = XCBuildConfiguration;
			buildSettings = {
				ALWAYS_EMBED_SWIFT_STANDARD_LIBRARIES = YES;
				BUNDLE_LOADER = "$(TEST_HOST)";
				CODE_SIGN_STYLE = Automatic;
				DEVELOPMENT_TEAM = UHJSHJ73VS;
				INFOPLIST_FILE = FriendFaceTests/Info.plist;
				LD_RUNPATH_SEARCH_PATHS = (
					"$(inherited)",
					"@executable_path/Frameworks",
					"@loader_path/Frameworks",
				);
				PRODUCT_BUNDLE_IDENTIFIER = com.ayon.FriendFaceTests;
				PRODUCT_NAME = "$(TARGET_NAME)";
				SWIFT_VERSION = 4.2;
				TARGETED_DEVICE_FAMILY = "1,2";
				TEST_HOST = "$(BUILT_PRODUCTS_DIR)/FriendFace.app/FriendFace";
			};
			name = Debug;
		};
		B6054B7F21FECD66006BB590 /* Release */ = {
			isa = XCBuildConfiguration;
			buildSettings = {
				ALWAYS_EMBED_SWIFT_STANDARD_LIBRARIES = YES;
				BUNDLE_LOADER = "$(TEST_HOST)";
				CODE_SIGN_STYLE = Automatic;
				DEVELOPMENT_TEAM = UHJSHJ73VS;
				INFOPLIST_FILE = FriendFaceTests/Info.plist;
				LD_RUNPATH_SEARCH_PATHS = (
					"$(inherited)",
					"@executable_path/Frameworks",
					"@loader_path/Frameworks",
				);
				PRODUCT_BUNDLE_IDENTIFIER = com.ayon.FriendFaceTests;
				PRODUCT_NAME = "$(TARGET_NAME)";
				SWIFT_VERSION = 4.2;
				TARGETED_DEVICE_FAMILY = "1,2";
				TEST_HOST = "$(BUILT_PRODUCTS_DIR)/FriendFace.app/FriendFace";
			};
			name = Release;
		};
/* End XCBuildConfiguration section */

/* Begin XCConfigurationList section */
		B6054B5821FECD65006BB590 /* Build configuration list for PBXProject "FriendFace" */ = {
			isa = XCConfigurationList;
			buildConfigurations = (
				B6054B7821FECD66006BB590 /* Debug */,
				B6054B7921FECD66006BB590 /* Release */,
			);
			defaultConfigurationIsVisible = 0;
			defaultConfigurationName = Release;
		};
		B6054B7A21FECD66006BB590 /* Build configuration list for PBXNativeTarget "FriendFace" */ = {
			isa = XCConfigurationList;
			buildConfigurations = (
				B6054B7B21FECD66006BB590 /* Debug */,
				B6054B7C21FECD66006BB590 /* Release */,
			);
			defaultConfigurationIsVisible = 0;
			defaultConfigurationName = Release;
		};
		B6054B7D21FECD66006BB590 /* Build configuration list for PBXNativeTarget "FriendFaceTests" */ = {
			isa = XCConfigurationList;
			buildConfigurations = (
				B6054B7E21FECD66006BB590 /* Debug */,
				B6054B7F21FECD66006BB590 /* Release */,
			);
			defaultConfigurationIsVisible = 0;
			defaultConfigurationName = Release;
		};
/* End XCConfigurationList section */
	};
	rootObject = B6054B5521FECD65006BB590 /* Project object */;
}
